
Microsoft Visual Studio Solution File, Format Version 12.00
# Visual Studio 15
VisualStudioVersion = 15.0.27004.2006
MinimumVisualStudioVersion = 10.0.40219.1
Project("{8BC9CEB8-8B4A-11D0-8D11-00A0C91BC942}") = "2-22-2018", "2-22-2018\2-22-2018.vcxproj", "{45E3B0B8-4B62-47DE-B557-F7266E84BD7C}"
EndProject
Global
	GlobalSection(SolutionConfigurationPlatforms) = preSolution
		Debug|x64 = Debug|x64
		Debug|x86 = Debug|x86
		Release|x64 = Release|x64
		Release|x86 = Release|x86
	EndGlobalSection
	GlobalSection(ProjectConfigurationPlatforms) = postSolution
		{45E3B0B8-4B62-47DE-B557-F7266E84BD7C}.Debug|x64.ActiveCfg = Debug|x64
		{45E3B0B8-4B62-47DE-B557-F7266E84BD7C}.Debug|x64.Build.0 = Debug|x64
		{45E3B0B8-4B62-47DE-B557-F7266E84BD7C}.Debug|x86.ActiveCfg = Debug|Win32
		{45E3B0B8-4B62-47DE-B557-F7266E84BD7C}.Debug|x86.Build.0 = Debug|Win32
		{45E3B0B8-4B62-47DE-B557-F7266E84BD7C}.Release|x64.ActiveCfg = Release|x64
		{45E3B0B8-4B62-47DE-B557-F7266E84BD7C}.Release|x64.Build.0 = Release|x64
		{45E3B0B8-4B62-47DE-B557-F7266E84BD7C}.Release|x86.ActiveCfg = Release|Win32
		{45E3B0B8-4B62-47DE-B557-F7266E84BD7C}.Release|x86.Build.0 = Release|Win32
	EndGlobalSection
	GlobalSection(SolutionProperties) = preSolution
		HideSolutionNode = FALSE
	EndGlobalSection
	GlobalSection(ExtensibilityGlobals) = postSolution
		SolutionGuid = {BEF82462-D113-462A-9051-128653C76C3E}
	EndGlobalSection
EndGlobal
