
Microsoft Visual Studio Solution File, Format Version 12.00
# Visual Studio 15
VisualStudioVersion = 15.0.27004.2006
MinimumVisualStudioVersion = 10.0.40219.1
Project("{8BC9CEB8-8B4A-11D0-8D11-00A0C91BC942}") = "3-20-2018", "3-20-2018\3-20-2018.vcxproj", "{FB5E37D2-8FB9-45D2-B2CA-D22876F74F72}"
EndProject
Global
	GlobalSection(SolutionConfigurationPlatforms) = preSolution
		Debug|x64 = Debug|x64
		Debug|x86 = Debug|x86
		Release|x64 = Release|x64
		Release|x86 = Release|x86
	EndGlobalSection
	GlobalSection(ProjectConfigurationPlatforms) = postSolution
		{FB5E37D2-8FB9-45D2-B2CA-D22876F74F72}.Debug|x64.ActiveCfg = Debug|x64
		{FB5E37D2-8FB9-45D2-B2CA-D22876F74F72}.Debug|x64.Build.0 = Debug|x64
		{FB5E37D2-8FB9-45D2-B2CA-D22876F74F72}.Debug|x86.ActiveCfg = Debug|Win32
		{FB5E37D2-8FB9-45D2-B2CA-D22876F74F72}.Debug|x86.Build.0 = Debug|Win32
		{FB5E37D2-8FB9-45D2-B2CA-D22876F74F72}.Release|x64.ActiveCfg = Release|x64
		{FB5E37D2-8FB9-45D2-B2CA-D22876F74F72}.Release|x64.Build.0 = Release|x64
		{FB5E37D2-8FB9-45D2-B2CA-D22876F74F72}.Release|x86.ActiveCfg = Release|Win32
		{FB5E37D2-8FB9-45D2-B2CA-D22876F74F72}.Release|x86.Build.0 = Release|Win32
	EndGlobalSection
	GlobalSection(SolutionProperties) = preSolution
		HideSolutionNode = FALSE
	EndGlobalSection
	GlobalSection(ExtensibilityGlobals) = postSolution
		SolutionGuid = {CF9DFBE9-4D71-410C-8751-06998E1708E8}
	EndGlobalSection
EndGlobal
